
Microsoft Visual Studio Solution File, Format Version 12.00
# Visual Studio Version 17
VisualStudioVersion = 17.13.35818.85 d17.13
MinimumVisualStudioVersion = 10.0.40219.1
Project("{FAE04EC0-301F-11D3-BF4B-00C04F79EFBC}") = "AWSCognitoUserMgmtTests", "AWSCognitoUserMgmtTests\AWSCognitoUserMgmtTests.csproj", "{31DB4CCA-674F-4BCD-99A6-F05163F4E710}"
EndProject
Project("{FAE04EC0-301F-11D3-BF4B-00C04F79EFBC}") = "AWSCognitoUserMgmt", "AWSCognitoUserMgmt\AWSCognitoUserMgmt.csproj", "{D2E577FC-EA61-B717-9FDC-EB15CDEAEBFD}"
EndProject
Global
	GlobalSection(SolutionConfigurationPlatforms) = preSolution
		Debug|Any CPU = Debug|Any CPU
		Release|Any CPU = Release|Any CPU
	EndGlobalSection
	GlobalSection(ProjectConfigurationPlatforms) = postSolution
		{31DB4CCA-674F-4BCD-99A6-F05163F4E710}.Debug|Any CPU.ActiveCfg = Debug|Any CPU
		{31DB4CCA-674F-4BCD-99A6-F05163F4E710}.Debug|Any CPU.Build.0 = Debug|Any CPU
		{31DB4CCA-674F-4BCD-99A6-F05163F4E710}.Release|Any CPU.ActiveCfg = Release|Any CPU
		{31DB4CCA-674F-4BCD-99A6-F05163F4E710}.Release|Any CPU.Build.0 = Release|Any CPU
		{D2E577FC-EA61-B717-9FDC-EB15CDEAEBFD}.Debug|Any CPU.ActiveCfg = Debug|Any CPU
		{D2E577FC-EA61-B717-9FDC-EB15CDEAEBFD}.Debug|Any CPU.Build.0 = Debug|Any CPU
		{D2E577FC-EA61-B717-9FDC-EB15CDEAEBFD}.Release|Any CPU.ActiveCfg = Release|Any CPU
		{D2E577FC-EA61-B717-9FDC-EB15CDEAEBFD}.Release|Any CPU.Build.0 = Release|Any CPU
	EndGlobalSection
	GlobalSection(SolutionProperties) = preSolution
		HideSolutionNode = FALSE
	EndGlobalSection
	GlobalSection(ExtensibilityGlobals) = postSolution
		SolutionGuid = {DB4D4DD9-1327-44F0-A8BD-10FF05F8571A}
	EndGlobalSection
EndGlobal
